
Microsoft Visual Studio Solution File, Format Version 12.00
# Visual Studio Version 16
VisualStudioVersion = 16.0.28922.388
MinimumVisualStudioVersion = 10.0.40219.1
Project("{2150E333-8FDC-42A3-9474-1A3956D46DE8}") = "Solution Items", "Solution Items", "{BD146907-7093-4137-882D-20A7D8887DF7}"
	ProjectSection(SolutionItems) = preProject
		ReadMe.txt = ReadMe.txt
	EndProjectSection
EndProject
Project("{888888A0-9F3D-457C-B088-3A5042F75D52}") = "1_IntroductiontoPythonProgramming", "1_IntroductiontoPythonProgramming\1_IntroductiontoPythonProgramming.pyproj", "{4E263E6A-63F1-41E9-83FD-75C07D715119}"
EndProject
Project("{888888A0-9F3D-457C-B088-3A5042F75D52}") = "2_TypesOfObjects", "2_TypesOfObjects\2_TypesOfObjects.pyproj", "{E36E02B8-797D-4F48-A241-6E5649986DFB}"
EndProject
Project("{888888A0-9F3D-457C-B088-3A5042F75D52}") = "3_ExpressionAndVariables", "3_ExpressionAndVariables\3_ExpressionAndVariables.pyproj", "{7796C28C-9E8A-40F5-8FAB-3C24029CA012}"
EndProject
Project("{888888A0-9F3D-457C-B088-3A5042F75D52}") = "4_Tuples", "4_Tuples\4_Tuples.pyproj", "{5B5467D1-0150-482E-BC11-6C67656CD420}"
EndProject
Project("{888888A0-9F3D-457C-B088-3A5042F75D52}") = "5_List", "5_List\5_List.pyproj", "{DAE40C39-BCC9-4582-93BF-815FE377F13F}"
EndProject
Project("{888888A0-9F3D-457C-B088-3A5042F75D52}") = "6_Sets", "6_Sets\6_Sets.pyproj", "{194CC253-B913-4D4C-874A-D7A826E80F19}"
EndProject
Project("{888888A0-9F3D-457C-B088-3A5042F75D52}") = "7_Dictionaries", "7_Dictionaries\7_Dictionaries.pyproj", "{C52AE4AD-C5D3-41AF-8133-73780B2A6BAB}"
EndProject
Global
	GlobalSection(SolutionConfigurationPlatforms) = preSolution
		Debug|Any CPU = Debug|Any CPU
		Release|Any CPU = Release|Any CPU
	EndGlobalSection
	GlobalSection(ProjectConfigurationPlatforms) = postSolution
		{4E263E6A-63F1-41E9-83FD-75C07D715119}.Debug|Any CPU.ActiveCfg = Debug|Any CPU
		{4E263E6A-63F1-41E9-83FD-75C07D715119}.Release|Any CPU.ActiveCfg = Release|Any CPU
		{E36E02B8-797D-4F48-A241-6E5649986DFB}.Debug|Any CPU.ActiveCfg = Debug|Any CPU
		{E36E02B8-797D-4F48-A241-6E5649986DFB}.Release|Any CPU.ActiveCfg = Release|Any CPU
		{7796C28C-9E8A-40F5-8FAB-3C24029CA012}.Debug|Any CPU.ActiveCfg = Debug|Any CPU
		{7796C28C-9E8A-40F5-8FAB-3C24029CA012}.Release|Any CPU.ActiveCfg = Release|Any CPU
		{5B5467D1-0150-482E-BC11-6C67656CD420}.Debug|Any CPU.ActiveCfg = Debug|Any CPU
		{5B5467D1-0150-482E-BC11-6C67656CD420}.Release|Any CPU.ActiveCfg = Release|Any CPU
		{DAE40C39-BCC9-4582-93BF-815FE377F13F}.Debug|Any CPU.ActiveCfg = Debug|Any CPU
		{DAE40C39-BCC9-4582-93BF-815FE377F13F}.Release|Any CPU.ActiveCfg = Release|Any CPU
		{194CC253-B913-4D4C-874A-D7A826E80F19}.Debug|Any CPU.ActiveCfg = Debug|Any CPU
		{194CC253-B913-4D4C-874A-D7A826E80F19}.Release|Any CPU.ActiveCfg = Release|Any CPU
		{C52AE4AD-C5D3-41AF-8133-73780B2A6BAB}.Debug|Any CPU.ActiveCfg = Debug|Any CPU
		{C52AE4AD-C5D3-41AF-8133-73780B2A6BAB}.Release|Any CPU.ActiveCfg = Release|Any CPU
	EndGlobalSection
	GlobalSection(SolutionProperties) = preSolution
		HideSolutionNode = FALSE
	EndGlobalSection
	GlobalSection(ExtensibilityGlobals) = postSolution
		SolutionGuid = {D885E436-C809-4E9C-9DF9-2549E2F02248}
	EndGlobalSection
EndGlobal
